
Microsoft Visual Studio Solution File, Format Version 11.00
# Visual Studio 2010
Project("{FAE04EC0-301F-11D3-BF4B-00C04F79EFBC}") = "TestSubsitutions", "TestSubsitutions\TestSubsitutions.csproj", "{F847F6A0-C4F0-4962-A82B-D158FB81118A}"
EndProject
Global
	GlobalSection(SolutionConfigurationPlatforms) = preSolution
		Debug|Any CPU = Debug|Any CPU
		Release|Any CPU = Release|Any CPU
		Test|Any CPU = Test|Any CPU
	EndGlobalSection
	GlobalSection(ProjectConfigurationPlatforms) = postSolution
		{F847F6A0-C4F0-4962-A82B-D158FB81118A}.Debug|Any CPU.ActiveCfg = Debug|Any CPU
		{F847F6A0-C4F0-4962-A82B-D158FB81118A}.Debug|Any CPU.Build.0 = Debug|Any CPU
		{F847F6A0-C4F0-4962-A82B-D158FB81118A}.Release|Any CPU.ActiveCfg = Release|Any CPU
		{F847F6A0-C4F0-4962-A82B-D158FB81118A}.Release|Any CPU.Build.0 = Release|Any CPU
		{F847F6A0-C4F0-4962-A82B-D158FB81118A}.Test|Any CPU.ActiveCfg = Test|Any CPU
		{F847F6A0-C4F0-4962-A82B-D158FB81118A}.Test|Any CPU.Build.0 = Test|Any CPU
	EndGlobalSection
	GlobalSection(SolutionProperties) = preSolution
		HideSolutionNode = FALSE
	EndGlobalSection
EndGlobal
